// !$*UTF8*$!
{
	archiveVersion = 1;
	classes = {
	};
	objectVersion = 50;
	objects = {

/* Begin PBXBuildFile section */
		46912E692368FA1200161A86 /* AppDelegate.m in Sources */ = {isa = PBXBuildFile; fileRef = 46912E682368FA1200161A86 /* AppDelegate.m */; };
		46912E6C2368FA1200161A86 /* SceneDelegate.m in Sources */ = {isa = PBXBuildFile; fileRef = 46912E6B2368FA1200161A86 /* SceneDelegate.m */; };
		46912E6F2368FA1200161A86 /* ViewController.m in Sources */ = {isa = PBXBuildFile; fileRef = 46912E6E2368FA1200161A86 /* ViewController.m */; };
		46912E722368FA1200161A86 /* Main.storyboard in Resources */ = {isa = PBXBuildFile; fileRef = 46912E702368FA1200161A86 /* Main.storyboard */; };
		46912E752368FA1200161A86 /* GeoFence.xcdatamodeld in Sources */ = {isa = PBXBuildFile; fileRef = 46912E732368FA1200161A86 /* GeoFence.xcdatamodeld */; };
		46912E772368FA1300161A86 /* Assets.xcassets in Resources */ = {isa = PBXBuildFile; fileRef = 46912E762368FA1300161A86 /* Assets.xcassets */; };
		46912E7A2368FA1300161A86 /* LaunchScreen.storyboard in Resources */ = {isa = PBXBuildFile; fileRef = 46912E782368FA1300161A86 /* LaunchScreen.storyboard */; };
		46912E7D2368FA1300161A86 /* main.m in Sources */ = {isa = PBXBuildFile; fileRef = 46912E7C2368FA1300161A86 /* main.m */; };
		46912E852368FCDA00161A86 /* CoreLocation.framework in Frameworks */ = {isa = PBXBuildFile; fileRef = 46912E842368FCDA00161A86 /* CoreLocation.framework */; };
		46912E872368FCE700161A86 /* CoreData.framework in Frameworks */ = {isa = PBXBuildFile; fileRef = 46912E862368FCE700161A86 /* CoreData.framework */; };
/* End PBXBuildFile section */

/* Begin PBXFileReference section */
		46912E642368FA1200161A86 /* GeoFence.app */ = {isa = PBXFileReference; explicitFileType = wrapper.application; includeInIndex = 0; path = GeoFence.app; sourceTree = BUILT_PRODUCTS_DIR; };
		46912E672368FA1200161A86 /* AppDelegate.h */ = {isa = PBXFileReference; lastKnownFileType = sourcecode.c.h; path = AppDelegate.h; sourceTree = "<group>"; };
		46912E682368FA1200161A86 /* AppDelegate.m */ = {isa = PBXFileReference; lastKnownFileType = sourcecode.c.objc; path = AppDelegate.m; sourceTree = "<group>"; };
		46912E6A2368FA1200161A86 /* SceneDelegate.h */ = {isa = PBXFileReference; lastKnownFileType = sourcecode.c.h; path = SceneDelegate.h; sourceTree = "<group>"; };
		46912E6B2368FA1200161A86 /* SceneDelegate.m */ = {isa = PBXFileReference; lastKnownFileType = sourcecode.c.objc; path = SceneDelegate.m; sourceTree = "<group>"; };
		46912E6D2368FA1200161A86 /* ViewController.h */ = {isa = PBXFileReference; lastKnownFileType = sourcecode.c.h; path = ViewController.h; sourceTree = "<group>"; };
		46912E6E2368FA1200161A86 /* ViewController.m */ = {isa = PBXFileReference; lastKnownFileType = sourcecode.c.objc; path = ViewController.m; sourceTree = "<group>"; };
		46912E712368FA1200161A86 /* Base */ = {isa = PBXFileReference; lastKnownFileType = file.storyboard; name = Base; path = Base.lproj/Main.storyboard; sourceTree = "<group>"; };
		46912E742368FA1200161A86 /* GeoFence.xcdatamodel */ = {isa = PBXFileReference; lastKnownFileType = wrapper.xcdatamodel; path = GeoFence.xcdatamodel; sourceTree = "<group>"; };
		46912E762368FA1300161A86 /* Assets.xcassets */ = {isa = PBXFileReference; lastKnownFileType = folder.assetcatalog; path = Assets.xcassets; sourceTree = "<group>"; };
		46912E792368FA1300161A86 /* Base */ = {isa = PBXFileReference; lastKnownFileType = file.storyboard; name = Base; path = Base.lproj/LaunchScreen.storyboard; sourceTree = "<group>"; };
		46912E7B2368FA1300161A86 /* Info.plist */ = {isa = PBXFileReference; lastKnownFileType = text.plist.xml; path = Info.plist; sourceTree = "<group>"; };
		46912E7C2368FA1300161A86 /* main.m */ = {isa = PBXFileReference; lastKnownFileType = sourcecode.c.objc; path = main.m; sourceTree = "<group>"; };
		46912E842368FCDA00161A86 /* CoreLocation.framework */ = {isa = PBXFileReference; lastKnownFileType = wrapper.framework; name = CoreLocation.framework; path = System/Library/Frameworks/CoreLocation.framework; sourceTree = SDKROOT; };
		46912E862368FCE700161A86 /* CoreData.framework */ = {isa = PBXFileReference; lastKnownFileType = wrapper.framework; name = CoreData.framework; path = System/Library/Frameworks/CoreData.framework; sourceTree = SDKROOT; };
/* End PBXFileReference section */

/* Begin PBXFrameworksBuildPhase section */
		46912E612368FA1200161A86 /* Frameworks */ = {
			isa = PBXFrameworksBuildPhase;
			buildActionMask = 2147483647;
			files = (
				46912E852368FCDA00161A86 /* CoreLocation.framework in Frameworks */,
				46912E872368FCE700161A86 /* CoreData.framework in Frameworks */,
			);
			runOnlyForDeploymentPostprocessing = 0;
		};
/* End PBXFrameworksBuildPhase section */

/* Begin PBXGroup section */
		46912E5B2368FA1200161A86 = {
			isa = PBXGroup;
			children = (
				46912E662368FA1200161A86 /* GeoFence */,
				46912E652368FA1200161A86 /* Products */,
				46912E832368FCDA00161A86 /* Frameworks */,
			);
			sourceTree = "<group>";
		};
		46912E652368FA1200161A86 /* Products */ = {
			isa = PBXGroup;
			children = (
				46912E642368FA1200161A86 /* GeoFence.app */,
			);
			name = Products;
			sourceTree = "<group>";
		};
		46912E662368FA1200161A86 /* GeoFence */ = {
			isa = PBXGroup;
			children = (
				46912E672368FA1200161A86 /* AppDelegate.h */,
				46912E682368FA1200161A86 /* AppDelegate.m */,
				46912E6A2368FA1200161A86 /* SceneDelegate.h */,
				46912E6B2368FA1200161A86 /* SceneDelegate.m */,
				46912E6D2368FA1200161A86 /* ViewController.h */,
				46912E6E2368FA1200161A86 /* ViewController.m */,
				46912E702368FA1200161A86 /* Main.storyboard */,
				46912E762368FA1300161A86 /* Assets.xcassets */,
				46912E782368FA1300161A86 /* LaunchScreen.storyboard */,
				46912E7B2368FA1300161A86 /* Info.plist */,
				46912E7C2368FA1300161A86 /* main.m */,
				46912E732368FA1200161A86 /* GeoFence.xcdatamodeld */,
			);
			path = GeoFence;
			sourceTree = "<group>";
		};
		46912E832368FCDA00161A86 /* Frameworks */ = {
			isa = PBXGroup;
			children = (
				46912E862368FCE700161A86 /* CoreData.framework */,
				46912E842368FCDA00161A86 /* CoreLocation.framework */,
			);
			name = Frameworks;
			sourceTree = "<group>";
		};
/* End PBXGroup section */

/* Begin PBXNativeTarget section */
		46912E632368FA1200161A86 /* GeoFence */ = {
			isa = PBXNativeTarget;
			buildConfigurationList = 46912E802368FA1300161A86 /* Build configuration list for PBXNativeTarget "GeoFence" */;
			buildPhases = (
				46912E602368FA1200161A86 /* Sources */,
				46912E612368FA1200161A86 /* Frameworks */,
				46912E622368FA1200161A86 /* Resources */,
			);
			buildRules = (
			);
			dependencies = (
			);
			name = GeoFence;
			productName = GeoFence;
			productReference = 46912E642368FA1200161A86 /* GeoFence.app */;
			productType = "com.apple.product-type.application";
		};
/* End PBXNativeTarget section */

/* Begin PBXProject section */
		46912E5C2368FA1200161A86 /* Project object */ = {
			isa = PBXProject;
			attributes = {
				LastUpgradeCheck = 1110;
				ORGANIZATIONNAME = "Mattebot, LLC";
				TargetAttributes = {
					46912E632368FA1200161A86 = {
						CreatedOnToolsVersion = 11.1;
					};
				};
			};
			buildConfigurationList = 46912E5F2368FA1200161A86 /* Build configuration list for PBXProject "GeoFence" */;
			compatibilityVersion = "Xcode 9.3";
			developmentRegion = en;
			hasScannedForEncodings = 0;
			knownRegions = (
				en,
				Base,
			);
			mainGroup = 46912E5B2368FA1200161A86;
			productRefGroup = 46912E652368FA1200161A86 /* Products */;
			projectDirPath = "";
			projectRoot = "";
			targets = (
				46912E632368FA1200161A86 /* GeoFence */,
			);
		};
/* End PBXProject section */

/* Begin PBXResourcesBuildPhase section */
		46912E622368FA1200161A86 /* Resources */ = {
			isa = PBXResourcesBuildPhase;
			buildActionMask = 2147483647;
			files = (
				46912E7A2368FA1300161A86 /* LaunchScreen.storyboard in Resources */,
				46912E772368FA1300161A86 /* Assets.xcassets in Resources */,
				46912E722368FA1200161A86 /* Main.storyboard in Resources */,
			);
			runOnlyForDeploymentPostprocessing = 0;
		};
/* End PBXResourcesBuildPhase section */

/* Begin PBXSourcesBuildPhase section */
		46912E602368FA1200161A86 /* Sources */ = {
			isa = PBXSourcesBuildPhase;
			buildActionMask = 2147483647;
			files = (
				46912E7D2368FA1300161A86 /* main.m in Sources */,
				46912E6F2368FA1200161A86 /* ViewController.m in Sources */,
				46912E752368FA1200161A86 /* GeoFence.xcdatamodeld in Sources */,
				46912E692368FA1200161A86 /* AppDelegate.m in Sources */,
				46912E6C2368FA1200161A86 /* SceneDelegate.m in Sources */,
			);
			runOnlyForDeploymentPostprocessing = 0;
		};
/* End PBXSourcesBuildPhase section */

/* Begin PBXVariantGroup section */
		46912E702368FA1200161A86 /* Main.storyboard */ = {
			isa = PBXVariantGroup;
			children = (
				46912E712368FA1200161A86 /* Base */,
			);
			name = Main.storyboard;
			sourceTree = "<group>";
		};
		46912E782368FA1300161A86 /* LaunchScreen.storyboard */ = {
			isa = PBXVariantGroup;
			children = (
				46912E792368FA1300161A86 /* Base */,
			);
			name = LaunchScreen.storyboard;
			sourceTree = "<group>";
		};
/* End PBXVariantGroup section */

/* Begin XCBuildConfiguration section */
		46912E7E2368FA1300161A86 /* Debug */ = {
			isa = XCBuildConfiguration;
			buildSettings = {
				ALWAYS_SEARCH_USER_PATHS = NO;
				CLANG_ANALYZER_NONNULL = YES;
				CLANG_ANALYZER_NUMBER_OBJECT_CONVERSION = YES_AGGRESSIVE;
				CLANG_CXX_LANGUAGE_STANDARD = "gnu++14";
				CLANG_CXX_LIBRARY = "libc++";
				CLANG_ENABLE_MODULES = YES;
				CLANG_ENABLE_OBJC_ARC = YES;
				CLANG_ENABLE_OBJC_WEAK = YES;
				CLANG_WARN_BLOCK_CAPTURE_AUTORELEASING = YES;
				CLANG_WARN_BOOL_CONVERSION = YES;
				CLANG_WARN_COMMA = YES;
				CLANG_WARN_CONSTANT_CONVERSION = YES;
				CLANG_WARN_DEPRECATED_OBJC_IMPLEMENTATIONS = YES;
				CLANG_WARN_DIRECT_OBJC_ISA_USAGE = YES_ERROR;
				CLANG_WARN_DOCUMENTATION_COMMENTS = YES;
				CLANG_WARN_EMPTY_BODY = YES;
				CLANG_WARN_ENUM_CONVERSION = YES;
				CLANG_WARN_INFINITE_RECURSION = YES;
				CLANG_WARN_INT_CONVERSION = YES;
				CLANG_WARN_NON_LITERAL_NULL_CONVERSION = YES;
				CLANG_WARN_OBJC_IMPLICIT_RETAIN_SELF = YES;
				CLANG_WARN_OBJC_LITERAL_CONVERSION = YES;
				CLANG_WARN_OBJC_ROOT_CLASS = YES_ERROR;
				CLANG_WARN_RANGE_LOOP_ANALYSIS = YES;
				CLANG_WARN_STRICT_PROTOTYPES = YES;
				CLANG_WARN_SUSPICIOUS_MOVE = YES;
				CLANG_WARN_UNGUARDED_AVAILABILITY = YES_AGGRESSIVE;
				CLANG_WARN_UNREACHABLE_CODE = YES;
				CLANG_WARN__DUPLICATE_METHOD_MATCH = YES;
				COPY_PHASE_STRIP = NO;
				DEBUG_INFORMATION_FORMAT = dwarf;
				ENABLE_STRICT_OBJC_MSGSEND = YES;
				ENABLE_TESTABILITY = YES;
				GCC_C_LANGUAGE_STANDARD = gnu11;
				GCC_DYNAMIC_NO_PIC = NO;
				GCC_NO_COMMON_BLOCKS = YES;
				GCC_OPTIMIZATION_LEVEL = 0;
				GCC_PREPROCESSOR_DEFINITIONS = (
					"DEBUG=1",
					"$(inherited)",
				);
				GCC_WARN_64_TO_32_BIT_CONVERSION = YES;
				GCC_WARN_ABOUT_RETURN_TYPE = YES_ERROR;
				GCC_WARN_UNDECLARED_SELECTOR = YES;
				GCC_WARN_UNINITIALIZED_AUTOS = YES_AGGRESSIVE;
				GCC_WARN_UNUSED_FUNCTION = YES;
				GCC_WARN_UNUSED_VARIABLE = YES;
				IPHONEOS_DEPLOYMENT_TARGET = 13.1;
				MTL_ENABLE_DEBUG_INFO = INCLUDE_SOURCE;
				MTL_FAST_MATH = YES;
				ONLY_ACTIVE_ARCH = YES;
				SDKROOT = iphoneos;
			};
			name = Debug;
		};
		46912E7F2368FA1300161A86 /* Release */ = {
			isa = XCBuildConfiguration;
			buildSettings = {
				ALWAYS_SEARCH_USER_PATHS = NO;
				CLANG_ANALYZER_NONNULL = YES;
				CLANG_ANALYZER_NUMBER_OBJECT_CONVERSION = YES_AGGRESSIVE;
				CLANG_CXX_LANGUAGE_STANDARD = "gnu++14";
				CLANG_CXX_LIBRARY = "libc++";
				CLANG_ENABLE_MODULES = YES;
				CLANG_ENABLE_OBJC_ARC = YES;
				CLANG_ENABLE_OBJC_WEAK = YES;
				CLANG_WARN_BLOCK_CAPTURE_AUTORELEASING = YES;
				CLANG_WARN_BOOL_CONVERSION = YES;
				CLANG_WARN_COMMA = YES;
				CLANG_WARN_CONSTANT_CONVERSION = YES;
				CLANG_WARN_DEPRECATED_OBJC_IMPLEMENTATIONS = YES;
				CLANG_WARN_DIRECT_OBJC_ISA_USAGE = YES_ERROR;
				CLANG_WARN_DOCUMENTATION_COMMENTS = YES;
				CLANG_WARN_EMPTY_BODY = YES;
				CLANG_WARN_ENUM_CONVERSION = YES;
				CLANG_WARN_INFINITE_RECURSION = YES;
				CLANG_WARN_INT_CONVERSION = YES;
				CLANG_WARN_NON_LITERAL_NULL_CONVERSION = YES;
				CLANG_WARN_OBJC_IMPLICIT_RETAIN_SELF = YES;
				CLANG_WARN_OBJC_LITERAL_CONVERSION = YES;
				CLANG_WARN_OBJC_ROOT_CLASS = YES_ERROR;
				CLANG_WARN_RANGE_LOOP_ANALYSIS = YES;
				CLANG_WARN_STRICT_PROTOTYPES = YES;
				CLANG_WARN_SUSPICIOUS_MOVE = YES;
				CLANG_WARN_UNGUARDED_AVAILABILITY = YES_AGGRESSIVE;
				CLANG_WARN_UNREACHABLE_CODE = YES;
				CLANG_WARN__DUPLICATE_METHOD_MATCH = YES;
				COPY_PHASE_STRIP = NO;
				DEBUG_INFORMATION_FORMAT = "dwarf-with-dsym";
				ENABLE_NS_ASSERTIONS = NO;
				ENABLE_STRICT_OBJC_MSGSEND = YES;
				GCC_C_LANGUAGE_STANDARD = gnu11;
				GCC_NO_COMMON_BLOCKS = YES;
				GCC_WARN_64_TO_32_BIT_CONVERSION = YES;
				GCC_WARN_ABOUT_RETURN_TYPE = YES_ERROR;
				GCC_WARN_UNDECLARED_SELECTOR = YES;
				GCC_WARN_UNINITIALIZED_AUTOS = YES_AGGRESSIVE;
				GCC_WARN_UNUSED_FUNCTION = YES;
				GCC_WARN_UNUSED_VARIABLE = YES;
				IPHONEOS_DEPLOYMENT_TARGET = 13.1;
				MTL_ENABLE_DEBUG_INFO = NO;
				MTL_FAST_MATH = YES;
				SDKROOT = iphoneos;
				VALIDATE_PRODUCT = YES;
			};
			name = Release;
		};
		46912E812368FA1300161A86 /* Debug */ = {
			isa = XCBuildConfiguration;
			buildSettings = {
				ASSETCATALOG_COMPILER_APPICON_NAME = AppIcon;
				CODE_SIGN_STYLE = Automatic;
				DEVELOPMENT_TEAM = 7R8NZDRWWA;
				INFOPLIST_FILE = GeoFence/Info.plist;
				IPHONEOS_DEPLOYMENT_TARGET = 11.0;
				LD_RUNPATH_SEARCH_PATHS = (
					"$(inherited)",
					"@executable_path/Frameworks",
				);
				PRODUCT_BUNDLE_IDENTIFIER = co.mattebot.GeoFence;
				PRODUCT_NAME = "$(TARGET_NAME)";
				TARGETED_DEVICE_FAMILY = 1;
			};
			name = Debug;
		};
		46912E822368FA1300161A86 /* Release */ = {
			isa = XCBuildConfiguration;
			buildSettings = {
				ASSETCATALOG_COMPILER_APPICON_NAME = AppIcon;
				CODE_SIGN_STYLE = Automatic;
				DEVELOPMENT_TEAM = 7R8NZDRWWA;
				INFOPLIST_FILE = GeoFence/Info.plist;
				IPHONEOS_DEPLOYMENT_TARGET = 11.0;
				LD_RUNPATH_SEARCH_PATHS = (
					"$(inherited)",
					"@executable_path/Frameworks",
				);
				PRODUCT_BUNDLE_IDENTIFIER = co.mattebot.GeoFence;
				PRODUCT_NAME = "$(TARGET_NAME)";
				TARGETED_DEVICE_FAMILY = 1;
			};
			name = Release;
		};
/* End XCBuildConfiguration section */

/* Begin XCConfigurationList section */
		46912E5F2368FA1200161A86 /* Build configuration list for PBXProject "GeoFence" */ = {
			isa = XCConfigurationList;
			buildConfigurations = (
				46912E7E2368FA1300161A86 /* Debug */,
				46912E7F2368FA1300161A86 /* Release */,
			);
			defaultConfigurationIsVisible = 0;
			defaultConfigurationName = Release;
		};
		46912E802368FA1300161A86 /* Build configuration list for PBXNativeTarget "GeoFence" */ = {
			isa = XCConfigurationList;
			buildConfigurations = (
				46912E812368FA1300161A86 /* Debug */,
				46912E822368FA1300161A86 /* Release */,
			);
			defaultConfigurationIsVisible = 0;
			defaultConfigurationName = Release;
		};
/* End XCConfigurationList section */

/* Begin XCVersionGroup section */
		46912E732368FA1200161A86 /* GeoFence.xcdatamodeld */ = {
			isa = XCVersionGroup;
			children = (
				46912E742368FA1200161A86 /* GeoFence.xcdatamodel */,
			);
			currentVersion = 46912E742368FA1200161A86 /* GeoFence.xcdatamodel */;
			path = GeoFence.xcdatamodeld;
			sourceTree = "<group>";
			versionGroupType = wrapper.xcdatamodel;
		};
/* End XCVersionGroup section */
	};
	rootObject = 46912E5C2368FA1200161A86 /* Project object */;
}
